<?xml version="1.0" encoding="utf-8"?>
<Project ToolsVersion="4.0" xmlns="http://schemas.microsoft.com/developer/msbuild/2003">
  <ItemGroup>
    <Filter Include="リソース ファイル">
      <UniqueIdentifier>{67DA6AB6-F800-4c08-8B7A-83BB121AAD01}</UniqueIdentifier>
      <Extensions>rc;ico;cur;bmp;dlg;rc2;rct;bin;rgs;gif;jpg;jpeg;jpe;resx;tiff;tif;png;wav;mfcribbon-ms</Extensions>
    </Filter>
  </ItemGroup>
  <ItemGroup>
    <None Include="res\Model\boonStage.pmd" />
    <None Include="ClassDiagram.cd" />
    <None Include="src\scene\TitleScene.cpp.rej" />
    <None Include="res\Model\DefaultPlate.x" />
  </ItemGroup>
  <ItemGroup>
    <ClInclude Include="src\AllInclude.h" />
    <ClInclude Include="src\Def.h" />
    <ClInclude Include="src\world\IWorld.h" />
    <ClInclude Include="src\world\World.h" />
    <ClInclude Include="src\world\WorldActor.h" />
    <ClInclude Include="src\camera\Camera.h" />
    <ClInclude Include="src\actor\Actor.h" />
    <ClInclude Include="src\actor\ActorManager.h" />
    <ClInclude Include="src\actor\ActorPtr.h" />
    <ClInclude Include="src\actor\CameraActor.h" />
    <ClInclude Include="src\actor\Collision.h" />
    <ClInclude Include="src\actor\FogActor.h" />
    <ClInclude Include="src\actor\ID.h" />
    <ClInclude Include="src\actor\Player.h" />
    <ClInclude Include="src\actor\Stage.h" />
    <ClInclude Include="src\game\Content.h" />
    <ClInclude Include="src\game\Game1.h" />
    <ClInclude Include="src\game\GameFrame.h" />
    <ClInclude Include="src\game\Random.h" />
    <ClInclude Include="src\game\WorkFolder.h" />
    <ClInclude Include="src\input\GamePad.h" />
    <ClInclude Include="src\input\Keyboard.h" />
    <ClInclude Include="src\scene\GamePlay.h" />
    <ClInclude Include="src\scene\IScene.h" />
    <ClInclude Include="src\scene\ISceneMediator.h" />
    <ClInclude Include="src\scene\IScenePtr.h" />
    <ClInclude Include="src\scene\Scene.h" />
    <ClInclude Include="src\scene\SceneManager.h" />
    <ClInclude Include="src\scene\TitleScene.h" />
    <ClInclude Include="src\math\Math.h" />
    <ClInclude Include="src\math\Matrix4.h" />
    <ClInclude Include="src\math\Point.h" />
    <ClInclude Include="src\math\Quaternion.h" />
    <ClInclude Include="src\math\Vector2.h" />
    <ClInclude Include="src\math\Vector3.h" />
    <ClInclude Include="src\math\Vector4.h" />
    <ClInclude Include="src\graphic\Anime.h" />
    <ClInclude Include="src\graphic\BlendMode.h" />
    <ClInclude Include="src\graphic\Light.h" />
    <ClInclude Include="src\graphic\Model.h" />
    <ClInclude Include="src\graphic\Movie.h" />
    <ClInclude Include="src\graphic\ShadowMap.h" />
    <ClInclude Include="src\graphic\Sprite.h" />
    <ClInclude Include="src\graphic\TextDraw.h" />
    <ClInclude Include="src\sound\Sound.h" />
    <ClInclude Include="src\time\Time.h" />
    <ClInclude Include="src\UIactor\Beziers.h" />
    <ClInclude Include="src\UIactor\UIActor.h" />
    <ClInclude Include="src\UIactor\UIActorManager.h" />
    <ClInclude Include="src\UIactor\UIActorPtr.h" />
    <ClInclude Include="src\UIactor\fadePanel\FadePanel.h" />
    <ClInclude Include="src\actor\PlayerBullet\PlayerBullet.h" />
    <ClInclude Include="src\actor\StagePlate\DefaultPlate.h" />
    <ClInclude Include="src\actor\RespawnPoint.h" />
    <ClInclude Include="src\actor\CameraManager.h" />
    <ClInclude Include="src\UIactor\Target\Target.h" />
    <ClInclude Include="src\actor\PlayerBullet\TargetRay.h" />
    <ClInclude Include="src\actor\Tree\Tree.h" />
    <ClInclude Include="src\actor\PlayerAttack\PlayerAttackManager\PlayerAttackManager.h" />
    <ClInclude Include="src\actor\DeadBullet\DeadBullet.h" />
    <ClInclude Include="src\actor\DeadBullet\DeadBulletManager.h" />
    <ClInclude Include="src\UIactor\AttackGauge\AttackGauge.h" />
    <ClInclude Include="src\graphic\AnimetionClass.h" />
    <ClInclude Include="src\UIactor\NumberTexture\NumberTexture.h" />
    <ClInclude Include="src\UIactor\DamageUI\DamageUI.h" />
    <ClInclude Include="src\actor\ParticleManager\Particle\Particle.h" />
    <ClInclude Include="src\actor\ParticleManager\ParticleManager.h" />
    <ClInclude Include="src\UIactor\GunUI\GunUI.h" />
    <ClInclude Include="src\actor\StageLineManager\StageLine\StageLine.h" />
    <ClInclude Include="src\actor\Pool\Pool.h" />
    <ClInclude Include="src\actor\StagePlate\NoBreakPlate.h" />
    <ClInclude Include="src\UIactor\GameTimer\GameTimerUI.h" />
    <ClInclude Include="src\UIactor\DamageBackUI\DamageBackUI.h" />
    <ClInclude Include="src\UIactor\GameFrameUI\GameFrameUI.h" />
    <ClInclude Include="src\scene\Result.h" />
    <ClInclude Include="src\GamePlayManager\GamePlayManager.h" />
    <ClInclude Include="src\GameManager\GameManager.h" />
    <ClInclude Include="src\UIactor\SceneChangeManager\SceneChangeManager.h" />
    <ClInclude Include="src\UIactor\SceneChangeManager\ChangeParticle\ChangeParticle.h" />
    <ClInclude Include="src\UIactor\SceneChangeManager\ChangeBlock\ChangeBlock.h" />
    <ClInclude Include="src\graphic\Shader.h" />
    <ClInclude Include="src\UIactor\ResultUI\ResultUI.h" />
    <ClInclude Include="src\UIactor\GamePlayFontUI\GamePlayFontUI.h" />
    <ClInclude Include="src\UIactor\OverHertUI\OverHertUI.h" />
    <ClInclude Include="src\scene\SelectScene.h" />
    <ClInclude Include="src\actor\SelectSceneActor\SelectScenePlayer.h" />
    <ClInclude Include="src\actor\SelectSceneActor\SelectSceneCamera.h" />
    <ClInclude Include="src\UIactor\SelectSceneUI\GameMasterUI\GameMasterUI.h" />
    <ClInclude Include="src\actor\SelectSceneActor\RunStage.h" />
    <ClInclude Include="src\Text\TxetRead\TextRead.h" />
    <ClInclude Include="src\Text\MessageBox\MessageText.h" />
    <ClInclude Include="src\actor\SelectSceneActor\GameMaster\GameMaster.h" />
    <ClInclude Include="src\UIactor\SelectBackUI\SelectBackUI.h" />
    <ClInclude Include="src\UIactor\StageSelectUI\StageSelectUI.h" />
    <ClInclude Include="src\actor\ResultPlayer\ResultPlayer.h" />
  </ItemGroup>
  <ItemGroup>
    <ClCompile Include="src\main.cpp" />
    <ClCompile Include="src\world\World.cpp" />
    <ClCompile Include="src\world\WorldActor.cpp" />
    <ClCompile Include="src\camera\Camera.cpp" />
    <ClCompile Include="src\actor\Actor.cpp" />
    <ClCompile Include="src\actor\ActorManager.cpp" />
    <ClCompile Include="src\actor\CameraActor.cpp" />
    <ClCompile Include="src\actor\Collision.cpp" />
    <ClCompile Include="src\actor\FogActor.cpp" />
    <ClCompile Include="src\actor\Player.cpp" />
    <ClCompile Include="src\actor\Stage.cpp" />
    <ClCompile Include="src\game\Content.cpp" />
    <ClCompile Include="src\game\Game1.cpp" />
    <ClCompile Include="src\game\GameFrame.cpp" />
    <ClCompile Include="src\game\Random.cpp" />
    <ClCompile Include="src\game\WorkFolder.cpp" />
    <ClCompile Include="src\input\GamePad.cpp" />
    <ClCompile Include="src\input\Keyboard.cpp" />
    <ClCompile Include="src\scene\GamePlay.cpp" />
    <ClCompile Include="src\scene\SceneManager.cpp" />
    <ClCompile Include="src\scene\TitleScene.cpp" />
    <ClCompile Include="src\math\Math.cpp" />
    <ClCompile Include="src\math\Matrix4.cpp" />
    <ClCompile Include="src\math\Point.cpp" />
    <ClCompile Include="src\math\Quaternion.cpp" />
    <ClCompile Include="src\math\Vector2.cpp" />
    <ClCompile Include="src\math\Vector3.cpp" />
    <ClCompile Include="src\math\Vector4.cpp" />
    <ClCompile Include="src\graphic\Anime.cpp" />
    <ClCompile Include="src\graphic\Light.cpp" />
    <ClCompile Include="src\graphic\Model.cpp" />
    <ClCompile Include="src\graphic\Movie.cpp" />
    <ClCompile Include="src\graphic\ShadowMap.cpp" />
    <ClCompile Include="src\graphic\Sprite.cpp" />
    <ClCompile Include="src\graphic\TextDraw.cpp" />
    <ClCompile Include="src\sound\Sound.cpp" />
    <ClCompile Include="src\time\Time.cpp" />
    <ClCompile Include="src\UIactor\UIActor.cpp" />
    <ClCompile Include="src\UIactor\UIActorManager.cpp" />
    <ClCompile Include="src\UIactor\fadePanel\FadePanel.cpp" />
    <ClCompile Include="src\actor\PlayerBullet\PlayerBullet.cpp" />
    <ClCompile Include="src\actor\StagePlate\DefaultPlate.cpp" />
    <ClCompile Include="src\actor\RespawnPoint.cpp" />
    <ClCompile Include="src\actor\CameraManager.cpp" />
    <ClCompile Include="src\UIactor\Target\Target.cpp" />
    <ClCompile Include="src\actor\PlayerBullet\TargetRay.cpp" />
    <ClCompile Include="src\actor\Tree\Tree.cpp" />
    <ClCompile Include="src\actor\PlayerAttack\PlayerAttackManager\PlayerAttackManager.cpp" />
    <ClCompile Include="src\actor\DeadBullet\DeadBullet.cpp" />
    <ClCompile Include="src\actor\DeadBullet\DeadBulletManager.cpp" />
    <ClCompile Include="src\UIactor\AttackGauge\AttackGauge.cpp" />
    <ClCompile Include="src\graphic\AnimetionClass.cpp" />
    <ClCompile Include="src\UIactor\NumberTexture\NumberTexture.cpp" />
    <ClCompile Include="src\UIactor\DamageUI\DamageUI.cpp" />
    <ClCompile Include="src\actor\ParticleManager\Particle\Particle.cpp" />
    <ClCompile Include="src\actor\ParticleManager\ParticleManager.cpp" />
    <ClCompile Include="src\UIactor\GunUI\GunUI.cpp" />
    <ClCompile Include="src\actor\StageLineManager\StageLine\StageLine.cpp" />
    <ClCompile Include="src\actor\Pool\Pool.cpp" />
    <ClCompile Include="src\actor\StagePlate\NoBreakPlate.cpp" />
    <ClCompile Include="src\UIactor\GameTimer\GameTimerUI.cpp" />
    <ClCompile Include="src\UIactor\DamageBackUI\DamageBackUI.cpp" />
    <ClCompile Include="src\UIactor\GameFrameUI\GameFrameUI.cpp" />
    <ClCompile Include="src\scene\Result.cpp" />
    <ClCompile Include="src\GamePlayManager\GamePlayManager.cpp" />
    <ClCompile Include="src\GameManager\GameManager.cpp" />
    <ClCompile Include="src\UIactor\SceneChangeManager\SceneChangeManager.cpp" />
    <ClCompile Include="src\UIactor\SceneChangeManager\ChangeParticle\ChangeParticle.cpp" />
    <ClCompile Include="src\UIactor\SceneChangeManager\ChangeBlock\ChangeBlock.cpp" />
    <ClCompile Include="src\UIactor\ResultUI\ResultUI.cpp" />
    <ClCompile Include="src\UIactor\GamePlayFontUI\GamePlayFontUI.cpp" />
    <ClCompile Include="src\UIactor\OverHertUI\OverHertUI.cpp" />
    <ClCompile Include="src\scene\SelectScene.cpp" />
    <ClCompile Include="src\actor\SelectSceneActor\SelectScenePlayer.cpp" />
    <ClCompile Include="src\actor\SelectSceneActor\SelectSceneCamera.cpp" />
    <ClCompile Include="src\UIactor\SelectSceneUI\GameMasterUI\GameMasterUI.cpp" />
    <ClCompile Include="src\actor\SelectSceneActor\RunStage.cpp" />
    <ClCompile Include="src\Text\TxetRead\TextRead.cpp" />
    <ClCompile Include="src\Text\MessageBox\MessageText.cpp" />
    <ClCompile Include="src\actor\SelectSceneActor\GameMaster\GameMaster.cpp" />
    <ClCompile Include="src\UIactor\SelectBackUI\SelectBackUI.cpp" />
    <ClCompile Include="src\UIactor\StageSelectUI\StageSelectUI.cpp" />
    <ClCompile Include="src\actor\ResultPlayer\ResultPlayer.cpp" />
  </ItemGroup>
</Project>